# Offline, hash-pinned additions required by Maestro v1.9 HunyuanVideo-Avatar.
# The exact aarch64/CPython 3.12 wheels live under wheels/hva/.
coloredlogs==15.0.1 --hash=sha256:612ee75c546f53e92e70049c9dbfcc18c935a2b9a53b66085ce9ef6a6e5c0934
decord2==3.4.0 --hash=sha256:f4ca81aa56aea80ecaaf1a285d8db9ea8aeda14cc929218255ad3419ea8a4a0e
ffmpeg-python==0.2.0 --hash=sha256:ac441a0404e053f8b6a1113a77c0f452f1cfc62f6344a769475ffdc0f56c23c5
flatbuffers==25.12.19 --hash=sha256:7634f50c427838bb021c2d66a3d1168e9d199b0607e6329399f04846d42e20b4
future==1.0.0 --hash=sha256:929292d34f5872e70396626ef385ec22355a1fae8ad29e1a734c3e43f9fbc216
humanfriendly==10.0 --hash=sha256:1697e1a8a8f550fd43c2865cd84542fc175a61dcb779b6fee18cf6b6ccba1477
loguru==0.7.3 --hash=sha256:31a33c10c8e1e10422bfd431aeb5d351c7cf7fa671e3c4df004162264b28220c
onnxruntime==1.22.1 --hash=sha256:984cea2a02fcc5dfea44ade9aca9fe0f7a8a2cd6f77c258fc4388238618f3928
pymatting==1.1.15 --hash=sha256:1bd7f04651f1e02b390b88b84cf97c7f4c871ad8568945e4303746bf3ab48ecc
rembg==2.0.65 --hash=sha256:72edd796ca42e54cac2cfd2c1c54b33c719ae22b862458ef5fc04990603e375f
scikit-image==0.26.0 --hash=sha256:4c717490cec9e276afb0438dd165b7c3072d6c416709cc0f9f5a4c1070d23a44
tifffile==2026.8.16 --hash=sha256:a1263c59be7cba87af3c071542b66ae54ccbcb2768bc15b0ab67680641c7f685
